
Microsoft Visual Studio Solution File, Format Version 12.00
# Visual Studio Version 16
VisualStudioVersion = 16.0.33214.272
MinimumVisualStudioVersion = 10.0.40219.1
Project("{FAE04EC0-301F-11D3-BF4B-00C04F79EFBC}") = "Formulario-Escola", "Formulario-Escola\Formulario-Escola.csproj", "{F6E5A01D-4B57-4AA1-B874-640EE8CDD921}"
EndProject
Global
	GlobalSection(SolutionConfigurationPlatforms) = preSolution
		Debug|Any CPU = Debug|Any CPU
		Release|Any CPU = Release|Any CPU
	EndGlobalSection
	GlobalSection(ProjectConfigurationPlatforms) = postSolution
		{F6E5A01D-4B57-4AA1-B874-640EE8CDD921}.Debug|Any CPU.ActiveCfg = Debug|Any CPU
		{F6E5A01D-4B57-4AA1-B874-640EE8CDD921}.Debug|Any CPU.Build.0 = Debug|Any CPU
		{F6E5A01D-4B57-4AA1-B874-640EE8CDD921}.Release|Any CPU.ActiveCfg = Release|Any CPU
		{F6E5A01D-4B57-4AA1-B874-640EE8CDD921}.Release|Any CPU.Build.0 = Release|Any CPU
	EndGlobalSection
	GlobalSection(SolutionProperties) = preSolution
		HideSolutionNode = FALSE
	EndGlobalSection
	GlobalSection(ExtensibilityGlobals) = postSolution
		SolutionGuid = {E7CF63B9-A847-4280-A557-33BF17458E59}
	EndGlobalSection
EndGlobal
